
Microsoft Visual Studio Solution File, Format Version 12.00
# Visual Studio Version 16
VisualStudioVersion = 16.0.30517.126
MinimumVisualStudioVersion = 10.0.40219.1
Project("{FAE04EC0-301F-11D3-BF4B-00C04F79EFBC}") = "Prova 1", "Prova 1\Prova 1.csproj", "{9F7D33B4-60A7-452E-9BC1-D66413268CFD}"
EndProject
Global
	GlobalSection(SolutionConfigurationPlatforms) = preSolution
		Debug|Any CPU = Debug|Any CPU
		Release|Any CPU = Release|Any CPU
	EndGlobalSection
	GlobalSection(ProjectConfigurationPlatforms) = postSolution
		{9F7D33B4-60A7-452E-9BC1-D66413268CFD}.Debug|Any CPU.ActiveCfg = Debug|Any CPU
		{9F7D33B4-60A7-452E-9BC1-D66413268CFD}.Debug|Any CPU.Build.0 = Debug|Any CPU
		{9F7D33B4-60A7-452E-9BC1-D66413268CFD}.Release|Any CPU.ActiveCfg = Release|Any CPU
		{9F7D33B4-60A7-452E-9BC1-D66413268CFD}.Release|Any CPU.Build.0 = Release|Any CPU
	EndGlobalSection
	GlobalSection(SolutionProperties) = preSolution
		HideSolutionNode = FALSE
	EndGlobalSection
	GlobalSection(ExtensibilityGlobals) = postSolution
		SolutionGuid = {071AD26D-4170-4C3E-B7E1-80FF12E3173F}
	EndGlobalSection
EndGlobal
